
Microsoft Visual Studio Solution File, Format Version 12.00
# Visual Studio 15
VisualStudioVersion = 15.0.26730.16
MinimumVisualStudioVersion = 10.0.40219.1
Project("{FAE04EC0-301F-11D3-BF4B-00C04F79EFBC}") = "Reports", "Reports\Reports.csproj", "{8770FAF8-3FFD-4C40-85F3-58A5811524D9}"
EndProject
Project("{FAE04EC0-301F-11D3-BF4B-00C04F79EFBC}") = "LNF", "..\lnf\LNF\LNF.csproj", "{E3B73410-869B-4BA2-99AC-AD6708A27ADE}"
EndProject
Project("{FAE04EC0-301F-11D3-BF4B-00C04F79EFBC}") = "LNF.Impl", "..\lnf\LNF.Impl\LNF.Impl.csproj", "{F490B789-B824-4A8C-90FC-AC447C3277F0}"
EndProject
Project("{FAE04EC0-301F-11D3-BF4B-00C04F79EFBC}") = "Reports.Tests", "Reports.Tests\Reports.Tests.csproj", "{299E2265-6ECE-4DBC-81E4-3C560CF32239}"
EndProject
Project("{FAE04EC0-301F-11D3-BF4B-00C04F79EFBC}") = "LNF.Web", "..\lnf\LNF.Web\LNF.Web.csproj", "{F79683FF-E524-4107-A6E1-29579EE544E1}"
EndProject
Project("{FAE04EC0-301F-11D3-BF4B-00C04F79EFBC}") = "OnlineServices.Api", "..\lnf\OnlineServices.Api\OnlineServices.Api.csproj", "{D0C76FE8-7233-4DA5-B106-8E4F51A32AD2}"
EndProject
Global
	GlobalSection(SolutionConfigurationPlatforms) = preSolution
		Debug|Any CPU = Debug|Any CPU
		Release|Any CPU = Release|Any CPU
		Staging|Any CPU = Staging|Any CPU
	EndGlobalSection
	GlobalSection(ProjectConfigurationPlatforms) = postSolution
		{8770FAF8-3FFD-4C40-85F3-58A5811524D9}.Debug|Any CPU.ActiveCfg = Debug|Any CPU
		{8770FAF8-3FFD-4C40-85F3-58A5811524D9}.Debug|Any CPU.Build.0 = Debug|Any CPU
		{8770FAF8-3FFD-4C40-85F3-58A5811524D9}.Release|Any CPU.ActiveCfg = Release|Any CPU
		{8770FAF8-3FFD-4C40-85F3-58A5811524D9}.Release|Any CPU.Build.0 = Release|Any CPU
		{8770FAF8-3FFD-4C40-85F3-58A5811524D9}.Staging|Any CPU.ActiveCfg = Release|Any CPU
		{8770FAF8-3FFD-4C40-85F3-58A5811524D9}.Staging|Any CPU.Build.0 = Release|Any CPU
		{E3B73410-869B-4BA2-99AC-AD6708A27ADE}.Debug|Any CPU.ActiveCfg = Debug|Any CPU
		{E3B73410-869B-4BA2-99AC-AD6708A27ADE}.Debug|Any CPU.Build.0 = Debug|Any CPU
		{E3B73410-869B-4BA2-99AC-AD6708A27ADE}.Release|Any CPU.ActiveCfg = Release|Any CPU
		{E3B73410-869B-4BA2-99AC-AD6708A27ADE}.Release|Any CPU.Build.0 = Release|Any CPU
		{E3B73410-869B-4BA2-99AC-AD6708A27ADE}.Staging|Any CPU.ActiveCfg = Release|Any CPU
		{E3B73410-869B-4BA2-99AC-AD6708A27ADE}.Staging|Any CPU.Build.0 = Release|Any CPU
		{F490B789-B824-4A8C-90FC-AC447C3277F0}.Debug|Any CPU.ActiveCfg = Debug|Any CPU
		{F490B789-B824-4A8C-90FC-AC447C3277F0}.Debug|Any CPU.Build.0 = Debug|Any CPU
		{F490B789-B824-4A8C-90FC-AC447C3277F0}.Release|Any CPU.ActiveCfg = Release|Any CPU
		{F490B789-B824-4A8C-90FC-AC447C3277F0}.Release|Any CPU.Build.0 = Release|Any CPU
		{F490B789-B824-4A8C-90FC-AC447C3277F0}.Staging|Any CPU.ActiveCfg = Release|Any CPU
		{F490B789-B824-4A8C-90FC-AC447C3277F0}.Staging|Any CPU.Build.0 = Release|Any CPU
		{299E2265-6ECE-4DBC-81E4-3C560CF32239}.Debug|Any CPU.ActiveCfg = Debug|Any CPU
		{299E2265-6ECE-4DBC-81E4-3C560CF32239}.Debug|Any CPU.Build.0 = Debug|Any CPU
		{299E2265-6ECE-4DBC-81E4-3C560CF32239}.Release|Any CPU.ActiveCfg = Release|Any CPU
		{299E2265-6ECE-4DBC-81E4-3C560CF32239}.Release|Any CPU.Build.0 = Release|Any CPU
		{299E2265-6ECE-4DBC-81E4-3C560CF32239}.Staging|Any CPU.ActiveCfg = Release|Any CPU
		{299E2265-6ECE-4DBC-81E4-3C560CF32239}.Staging|Any CPU.Build.0 = Release|Any CPU
		{F79683FF-E524-4107-A6E1-29579EE544E1}.Debug|Any CPU.ActiveCfg = Debug|Any CPU
		{F79683FF-E524-4107-A6E1-29579EE544E1}.Debug|Any CPU.Build.0 = Debug|Any CPU
		{F79683FF-E524-4107-A6E1-29579EE544E1}.Release|Any CPU.ActiveCfg = Release|Any CPU
		{F79683FF-E524-4107-A6E1-29579EE544E1}.Release|Any CPU.Build.0 = Release|Any CPU
		{F79683FF-E524-4107-A6E1-29579EE544E1}.Staging|Any CPU.ActiveCfg = Staging|Any CPU
		{F79683FF-E524-4107-A6E1-29579EE544E1}.Staging|Any CPU.Build.0 = Staging|Any CPU
		{D0C76FE8-7233-4DA5-B106-8E4F51A32AD2}.Debug|Any CPU.ActiveCfg = Debug|Any CPU
		{D0C76FE8-7233-4DA5-B106-8E4F51A32AD2}.Debug|Any CPU.Build.0 = Debug|Any CPU
		{D0C76FE8-7233-4DA5-B106-8E4F51A32AD2}.Release|Any CPU.ActiveCfg = Release|Any CPU
		{D0C76FE8-7233-4DA5-B106-8E4F51A32AD2}.Release|Any CPU.Build.0 = Release|Any CPU
		{D0C76FE8-7233-4DA5-B106-8E4F51A32AD2}.Staging|Any CPU.ActiveCfg = Staging|Any CPU
		{D0C76FE8-7233-4DA5-B106-8E4F51A32AD2}.Staging|Any CPU.Build.0 = Staging|Any CPU
	EndGlobalSection
	GlobalSection(SolutionProperties) = preSolution
		HideSolutionNode = FALSE
	EndGlobalSection
	GlobalSection(ExtensibilityGlobals) = postSolution
		SolutionGuid = {3B93FA91-E7A7-435F-9A59-3C0E3171F6D9}
	EndGlobalSection
EndGlobal
